PODS:
  - PagingMenuController (0.7.10b)

DEPENDENCIES:
  - PagingMenuController (from `../`)

EXTERNAL SOURCES:
  PagingMenuController:
    :path: ../

SPEC CHECKSUMS:
  PagingMenuController: 1cc177cec6b73860e68063e91acd8ff052639df7

PODFILE CHECKSUM: af27dfe759cad0a0e1e19896c9b747954af4bd27

COCOAPODS: 1.2.1
