PODS:
  - PagingMenuController (1.0.0b)

DEPENDENCIES:
  - PagingMenuController (from `../`)

EXTERNAL SOURCES:
  PagingMenuController:
    :path: "../"

SPEC CHECKSUMS:
  PagingMenuController: 5929762e7eb90a9be29d039d2ab54e1f7d7be1f7

PODFILE CHECKSUM: af27dfe759cad0a0e1e19896c9b747954af4bd27

COCOAPODS: 1.2.1
